
Microsoft Visual Studio Solution File, Format Version 12.00
# Visual Studio Version 16
VisualStudioVersion = 16.0.30523.141
MinimumVisualStudioVersion = 10.0.40219.1
Project("{FAE04EC0-301F-11D3-BF4B-00C04F79EFBC}") = "Tarea_para_DIO1_WinForm", "Tarea_para_DIO1_WinForm\Tarea_para_DIO1_WinForm.csproj", "{19C7A0C3-7E94-4866-B960-D949F9A548B0}"
EndProject
Global
	GlobalSection(SolutionConfigurationPlatforms) = preSolution
		Debug|Any CPU = Debug|Any CPU
		Release|Any CPU = Release|Any CPU
	EndGlobalSection
	GlobalSection(ProjectConfigurationPlatforms) = postSolution
		{19C7A0C3-7E94-4866-B960-D949F9A548B0}.Debug|Any CPU.ActiveCfg = Debug|Any CPU
		{19C7A0C3-7E94-4866-B960-D949F9A548B0}.Debug|Any CPU.Build.0 = Debug|Any CPU
		{19C7A0C3-7E94-4866-B960-D949F9A548B0}.Release|Any CPU.ActiveCfg = Release|Any CPU
		{19C7A0C3-7E94-4866-B960-D949F9A548B0}.Release|Any CPU.Build.0 = Release|Any CPU
	EndGlobalSection
	GlobalSection(SolutionProperties) = preSolution
		HideSolutionNode = FALSE
	EndGlobalSection
	GlobalSection(ExtensibilityGlobals) = postSolution
		SolutionGuid = {3F537239-668B-4031-B631-B3F9CBA5E0CC}
	EndGlobalSection
EndGlobal
